<?xml version="1.0" encoding="utf-8"?>
<Project ToolsVersion="4.0" xmlns="http://schemas.microsoft.com/developer/msbuild/2003">
  <ItemGroup>
    <ClCompile Include="Main.cpp">
      <Filter>Source Files</Filter>
    </ClCompile>
    <ClCompile Include="Engine\Core\EngineCore.cpp">
      <Filter>Source Files</Filter>
    </ClCompile>
    <ClCompile Include="Engine\Core\Window.cpp">
      <Filter>Source Files</Filter>
    </ClCompile>
    <ClCompile Include="Engine\Core\Timer.cpp" />
    <ClCompile Include="Engine\Core\Debug.cpp" />
    <ClCompile Include="Game\Game1.cpp" />
    <ClCompile Include="Game\Scenes\StartScene.cpp" />
    <ClCompile Include="Game\Scenes\GameScene.cpp" />
    <ClCompile Include="Engine\Rendering\3D\GameObject.cpp" />
    <ClCompile Include="Engine\Rendering\3D\Model.cpp" />
    <ClCompile Include="Engine\Rendering\3D\Mesh.cpp" />
    <ClCompile Include="Engine\Graphics\ShaderHandler.cpp" />
    <ClCompile Include="Engine\Camera\Camera.cpp" />
  </ItemGroup>
  <ItemGroup>
    <ClInclude Include="Engine\Core\EngineCore.h">
      <Filter>Header Files</Filter>
    </ClInclude>
    <ClInclude Include="Engine\Core\Window.h">
      <Filter>Header Files</Filter>
    </ClInclude>
    <ClInclude Include="Engine\Core\Timer.h" />
    <ClInclude Include="Engine\Core\Debug.h" />
    <ClInclude Include="Engine\Core\GameInterface.h" />
    <ClInclude Include="Game\Game1.h" />
    <ClInclude Include="Engine\Core\Scene.h" />
    <ClInclude Include="Game\Scenes\StartScene.h" />
    <ClInclude Include="Game\Scenes\GameScene.h" />
    <ClInclude Include="Engine\Rendering\3D\GameObject.h" />
    <ClInclude Include="Engine\Rendering\3D\Model.h" />
    <ClInclude Include="Engine\Rendering\3D\Mesh.h" />
    <ClInclude Include="Engine\Graphics\ShaderHandler.h" />
    <ClInclude Include="Engine\Camera\Camera.h" />
  </ItemGroup>
  <ItemGroup>
    <Filter Include="Header Files">
      <UniqueIdentifier>{7e25b2f5-eba8-4909-9885-fd63c149780f}</UniqueIdentifier>
    </Filter>
    <Filter Include="Resource Files">
      <UniqueIdentifier>{0fac12c4-c24a-45a6-ae6d-d914bc2dc5bd}</UniqueIdentifier>
    </Filter>
    <Filter Include="Source Files">
      <UniqueIdentifier>{61b691ff-66c0-41c6-a59a-a4736c532231}</UniqueIdentifier>
    </Filter>
  </ItemGroup>
  <ItemGroup>
    <None Include="Engine\Shaders\ColourFragmentShader.glsl" />
    <None Include="Engine\Shaders\ColourVertexShader.glsl" />
  </ItemGroup>
</Project>